github.com/dchest/captcha v1.0.0 h1:vw+bm/qMFvTgcjQlYVTuQBJkarm5R0YSsDKhm1HZI2o=
github.com/dchest/captcha v1.0.0/go.mod h1:7zoElIawLp7GUMLcj54K9kbw+jEyvz2K0FDdRRYhvWo=
github.com/dys2p/btcpay v0.5.0 h1:37V0YtPbGZKMuDtbjL8DCKBW4rHR2Oqfxdalms3ZzTU=
github.com/dys2p/btcpay v0.5.0/go.mod h1:PhoRfQYTu1hAThbCh0dutuUonLf0WPb72huHr19ujgU=
github.com/dys2p/paypal v0.1.1 h1:2/fR2lhwVrp3A1IdgCK1skDMSxb0IMO335OWvLPwPQU=
github.com/dys2p/paypal v0.1.1/go.mod h1:hUXIstQ2+PjsoEC8jDDaaSwzMPn6dBCZv7uWBw7MG3Q=
github.com/emersion/go-sasl v0.0.0-20200509203442-7bfe0ed36a21/go.mod h1:iL2twTeMvZnrg54ZoPDNfJaJaqy0xIQFuBdrLsmspwQ=
github.com/emersion/go-sasl v0.0.0-20220912192320-0145f2c60ead h1:fI1Jck0vUrXT8bnphprS1EoVRe2Q5CKCX8iDlpqjQ/Y=
github.com/emersion/go-sasl v0.0.0-20220912192320-0145f2c60ead/go.mod h1:iL2twTeMvZnrg54ZoPDNfJaJaqy0xIQFuBdrLsmspwQ=
github.com/emersion/go-smtp v0.16.1-0.20230108191019-90d596c5fb00 h1:+cl6/q7CtdhQFkvtQ1d9qxVt+A0m7U7q7UX2FJxFK6g=
github.com/emersion/go-smtp v0.16.1-0.20230108191019-90d596c5fb00/go.mod h1:qm27SGYgoIPRot6ubfQ/GpiPy/g3PaZAVRxiO/sDUgQ=
github.com/mattn/go-sqlite3 v1.14.16 h1:yOQRA0RpS5PFz/oikGwBEqvAWhWg5ufRz4ETLjwpU1Y=
github.com/mattn/go-sqlite3 v1.14.16/go.mod h1:2eHXhiwb8IkHr+BDWZGa96P6+rkvnG63S2DGjv9HUNg=
github.com/sethvargo/go-diceware v0.3.0 h1:UVVEfmN/uF50JfWAN7nbY6CiAlp5xeSx+5U0lWKkMCQ=
github.com/sethvargo/go-diceware v0.3.0/go.mod h1:lH5Q/oSPMivseNdhMERAC7Ti5oOPqsaVddU1BcN1CY0=
golang.org/x/exp v0.0.0-20230224173230-c95f2b4c22f2 h1:Jvc7gsqn21cJHCmAWx0LiimpP18LZmUxkT5Mp7EZ1mI=
golang.org/x/exp v0.0.0-20230224173230-c95f2b4c22f2/go.mod h1:CxIveKay+FTh1D0yPZemJVgC/95VzuuOLq5Qi4xnoYc=
