github.com/dchest/captcha v1.0.0 h1:vw+bm/qMFvTgcjQlYVTuQBJkarm5R0YSsDKhm1HZI2o=
github.com/dchest/captcha v1.0.0/go.mod h1:7zoElIawLp7GUMLcj54K9kbw+jEyvz2K0FDdRRYhvWo=
github.com/dys2p/btcpay v0.5.0 h1:37V0YtPbGZKMuDtbjL8DCKBW4rHR2Oqfxdalms3ZzTU=
github.com/dys2p/btcpay v0.5.0/go.mod h1:PhoRfQYTu1hAThbCh0dutuUonLf0WPb72huHr19ujgU=
github.com/dys2p/paypal v0.1.1 h1:2/fR2lhwVrp3A1IdgCK1skDMSxb0IMO335OWvLPwPQU=
github.com/dys2p/paypal v0.1.1/go.mod h1:hUXIstQ2+PjsoEC8jDDaaSwzMPn6dBCZv7uWBw7MG3Q=
github.com/emersion/go-sasl v0.0.0-20200509203442-7bfe0ed36a21/go.mod h1:iL2twTeMvZnrg54ZoPDNfJaJaqy0xIQFuBdrLsmspwQ=
github.com/emersion/go-sasl v0.0.0-20220912192320-0145f2c60ead h1:fI1Jck0vUrXT8bnphprS1EoVRe2Q5CKCX8iDlpqjQ/Y=
github.com/emersion/go-sasl v0.0.0-20220912192320-0145f2c60ead/go.mod h1:iL2twTeMvZnrg54ZoPDNfJaJaqy0xIQFuBdrLsmspwQ=
github.com/emersion/go-smtp v0.16.1-0.20230108191019-90d596c5fb00 h1:+cl6/q7CtdhQFkvtQ1d9qxVt+A0m7U7q7UX2FJxFK6g=
github.com/emersion/go-smtp v0.16.1-0.20230108191019-90d596c5fb00/go.mod h1:qm27SGYgoIPRot6ubfQ/GpiPy/g3PaZAVRxiO/sDUgQ=
github.com/mattn/go-sqlite3 v1.14.16 h1:yOQRA0RpS5PFz/oikGwBEqvAWhWg5ufRz4ETLjwpU1Y=
github.com/mattn/go-sqlite3 v1.14.16/go.mod h1:2eHXhiwb8IkHr+BDWZGa96P6+rkvnG63S2DGjv9HUNg=
github.com/sethvargo/go-diceware v0.3.0 h1:UVVEfmN/uF50JfWAN7nbY6CiAlp5xeSx+5U0lWKkMCQ=
github.com/sethvargo/go-diceware v0.3.0/go.mod h1:lH5Q/oSPMivseNdhMERAC7Ti5oOPqsaVddU1BcN1CY0=
golang.org/x/exp v0.0.0-20230321023759-10a507213a29 h1:ooxPy7fPvB4kwsA2h+iBNHkAbp/4JxTSwCmvdjEYmug=
golang.org/x/exp v0.0.0-20230321023759-10a507213a29/go.mod h1:CxIveKay+FTh1D0yPZemJVgC/95VzuuOLq5Qi4xnoYc=
golang.org/x/mod v0.8.0 h1:LUYupSeNrTNCGzR/hVBk2NHZO4hXcVaW1k4Qx7rjPx8=
golang.org/x/mod v0.8.0/go.mod h1:iBbtSCu2XBx23ZKBPSOrRkjjQPZFPuis4dIYUhu/chs=
golang.org/x/sync v0.1.0 h1:wsuoTGHzEhffawBOhz5CYhcrV4IdKZbEyZjBMuTp12o=
golang.org/x/sys v0.5.0 h1:MUK/U/4lj1t1oPg0HfuXDN/Z1wv31ZJ/YcPiGccS4DU=
golang.org/x/sys v0.5.0/go.mod h1:oPkhp1MJrh7nUepCBck5+mAzfO9JrbApNNgaTdGDITg=
golang.org/x/text v0.8.0 h1:57P1ETyNKtuIjB4SRd15iJxuhj8Gc416Y78H3qgMh68=
golang.org/x/text v0.8.0/go.mod h1:e1OnstbJyHTd6l/uOt8jFFHp6TRDWZR/bV3emEE/zU8=
golang.org/x/tools v0.6.0 h1:BOw41kyTf3PuCW1pVQf8+Cyg8pMlkYB1oo9iJ6D/lKM=
golang.org/x/tools v0.6.0/go.mod h1:Xwgl3UAJ/d3gWutnCtw505GrjyAbvKui8lOU390QaIU=
